
Microsoft Visual Studio Solution File, Format Version 12.00
Project("{2150E333-8FDC-42A3-9474-1A3956D46DE8}") = "ORMs", "ORMs", "{1804279D-2ADC-45D3-A428-1622B0296C99}"
EndProject
Project("{2150E333-8FDC-42A3-9474-1A3956D46DE8}") = "EfCore", "EfCore", "{65E1C161-7399-4ACF-A45E-6F2E66396A4E}"
EndProject
Project("{FAE04EC0-301F-11D3-BF4B-00C04F79EFBC}") = "Backbone.DataAccess.Relational.Entities", "Backbone.DataAccess.Relational.Entities\Backbone.DataAccess.Relational.Entities.csproj", "{09DE383F-3941-4E9E-8BDE-92A519045EB5}"
EndProject
Project("{FAE04EC0-301F-11D3-BF4B-00C04F79EFBC}") = "Backbone.DataAccess.Relational.EfCore.Abstractions", "Backbone.DataAccess.Relational.EfCore.Abstractions\Backbone.DataAccess.Relational.EfCore.Abstractions.csproj", "{595B630A-8449-45D9-BDBE-E40F00841CBC}"
EndProject
Global
	GlobalSection(SolutionConfigurationPlatforms) = preSolution
		Debug|Any CPU = Debug|Any CPU
		Release|Any CPU = Release|Any CPU
	EndGlobalSection
	GlobalSection(NestedProjects) = preSolution
		{65E1C161-7399-4ACF-A45E-6F2E66396A4E} = {1804279D-2ADC-45D3-A428-1622B0296C99}
		{595B630A-8449-45D9-BDBE-E40F00841CBC} = {65E1C161-7399-4ACF-A45E-6F2E66396A4E}
	EndGlobalSection
	GlobalSection(ProjectConfigurationPlatforms) = postSolution
		{09DE383F-3941-4E9E-8BDE-92A519045EB5}.Debug|Any CPU.ActiveCfg = Debug|Any CPU
		{09DE383F-3941-4E9E-8BDE-92A519045EB5}.Debug|Any CPU.Build.0 = Debug|Any CPU
		{09DE383F-3941-4E9E-8BDE-92A519045EB5}.Release|Any CPU.ActiveCfg = Release|Any CPU
		{09DE383F-3941-4E9E-8BDE-92A519045EB5}.Release|Any CPU.Build.0 = Release|Any CPU
		{595B630A-8449-45D9-BDBE-E40F00841CBC}.Debug|Any CPU.ActiveCfg = Debug|Any CPU
		{595B630A-8449-45D9-BDBE-E40F00841CBC}.Debug|Any CPU.Build.0 = Debug|Any CPU
		{595B630A-8449-45D9-BDBE-E40F00841CBC}.Release|Any CPU.ActiveCfg = Release|Any CPU
		{595B630A-8449-45D9-BDBE-E40F00841CBC}.Release|Any CPU.Build.0 = Release|Any CPU
	EndGlobalSection
EndGlobal
